
Microsoft Visual Studio Solution File, Format Version 12.00
# Visual Studio Version 17
VisualStudioVersion = 17.0.31919.166
MinimumVisualStudioVersion = 10.0.40219.1
Project("{FAE04EC0-301F-11D3-BF4B-00C04F79EFBC}") = "WebApplication1", "WebApplication1\WebApplication1.csproj", "{B8D1B72B-DCF3-4A4A-BAE2-2EB178566AAD}"
EndProject
Global
	GlobalSection(SolutionConfigurationPlatforms) = preSolution
		Debug|Any CPU = Debug|Any CPU
		Release|Any CPU = Release|Any CPU
	EndGlobalSection
	GlobalSection(ProjectConfigurationPlatforms) = postSolution
		{B8D1B72B-DCF3-4A4A-BAE2-2EB178566AAD}.Debug|Any CPU.ActiveCfg = Debug|Any CPU
		{B8D1B72B-DCF3-4A4A-BAE2-2EB178566AAD}.Debug|Any CPU.Build.0 = Debug|Any CPU
		{B8D1B72B-DCF3-4A4A-BAE2-2EB178566AAD}.Release|Any CPU.ActiveCfg = Release|Any CPU
		{B8D1B72B-DCF3-4A4A-BAE2-2EB178566AAD}.Release|Any CPU.Build.0 = Release|Any CPU
	EndGlobalSection
	GlobalSection(SolutionProperties) = preSolution
		HideSolutionNode = FALSE
	EndGlobalSection
	GlobalSection(ExtensibilityGlobals) = postSolution
		SolutionGuid = {F7D820EC-78A3-495F-924C-76D775EC6038}
	EndGlobalSection
EndGlobal
